
Microsoft Visual Studio Solution File, Format Version 12.00
# Visual Studio 15
VisualStudioVersion = 15.0.28307.106
MinimumVisualStudioVersion = 10.0.40219.1
Project("{FAE04EC0-301F-11D3-BF4B-00C04F79EFBC}") = "The_Deep_One", "Incremental_Game\The_Deep_One.csproj", "{A793B332-0A8A-4BCA-9463-8D1A20D0FF2C}"
EndProject
Global
	GlobalSection(SolutionConfigurationPlatforms) = preSolution
		Debug|x86 = Debug|x86
		Release|x86 = Release|x86
	EndGlobalSection
	GlobalSection(ProjectConfigurationPlatforms) = postSolution
		{A793B332-0A8A-4BCA-9463-8D1A20D0FF2C}.Debug|x86.ActiveCfg = Debug|x86
		{A793B332-0A8A-4BCA-9463-8D1A20D0FF2C}.Debug|x86.Build.0 = Debug|x86
		{A793B332-0A8A-4BCA-9463-8D1A20D0FF2C}.Release|x86.ActiveCfg = Release|x86
		{A793B332-0A8A-4BCA-9463-8D1A20D0FF2C}.Release|x86.Build.0 = Release|x86
	EndGlobalSection
	GlobalSection(SolutionProperties) = preSolution
		HideSolutionNode = FALSE
	EndGlobalSection
	GlobalSection(ExtensibilityGlobals) = postSolution
		SolutionGuid = {A90723E7-7955-4FB2-836B-D63CDCED31BC}
	EndGlobalSection
EndGlobal
